
Microsoft Visual Studio Solution File, Format Version 12.00
# Visual Studio Version 16
VisualStudioVersion = 16.0.28803.202
MinimumVisualStudioVersion = 10.0.40219.1
Project("{FAE04EC0-301F-11D3-BF4B-00C04F79EFBC}") = "StringManiac", "StringManiac\StringManiac.csproj", "{58893855-3A09-4507-8E14-EE72DC500B13}"
EndProject
Global
	GlobalSection(SolutionConfigurationPlatforms) = preSolution
		Debug|Any CPU = Debug|Any CPU
		Release|Any CPU = Release|Any CPU
	EndGlobalSection
	GlobalSection(ProjectConfigurationPlatforms) = postSolution
		{58893855-3A09-4507-8E14-EE72DC500B13}.Debug|Any CPU.ActiveCfg = Debug|Any CPU
		{58893855-3A09-4507-8E14-EE72DC500B13}.Debug|Any CPU.Build.0 = Debug|Any CPU
		{58893855-3A09-4507-8E14-EE72DC500B13}.Release|Any CPU.ActiveCfg = Release|Any CPU
		{58893855-3A09-4507-8E14-EE72DC500B13}.Release|Any CPU.Build.0 = Release|Any CPU
	EndGlobalSection
	GlobalSection(SolutionProperties) = preSolution
		HideSolutionNode = FALSE
	EndGlobalSection
	GlobalSection(ExtensibilityGlobals) = postSolution
		SolutionGuid = {33438883-A942-4682-98BF-1BF673A952E2}
	EndGlobalSection
EndGlobal
